
Microsoft Visual Studio Solution File, Format Version 12.00
# Visual Studio Version 17
VisualStudioVersion = 17.10.35027.167
MinimumVisualStudioVersion = 10.0.40219.1
Project("{FAE04EC0-301F-11D3-BF4B-00C04F79EFBC}") = "JeanStore", "JeanStore\JeanStore.csproj", "{F77A795B-E483-4548-A07F-E851A4480427}"
EndProject
Global
	GlobalSection(SolutionConfigurationPlatforms) = preSolution
		Debug|Any CPU = Debug|Any CPU
		Release|Any CPU = Release|Any CPU
	EndGlobalSection
	GlobalSection(ProjectConfigurationPlatforms) = postSolution
		{F77A795B-E483-4548-A07F-E851A4480427}.Debug|Any CPU.ActiveCfg = Debug|Any CPU
		{F77A795B-E483-4548-A07F-E851A4480427}.Debug|Any CPU.Build.0 = Debug|Any CPU
		{F77A795B-E483-4548-A07F-E851A4480427}.Release|Any CPU.ActiveCfg = Release|Any CPU
		{F77A795B-E483-4548-A07F-E851A4480427}.Release|Any CPU.Build.0 = Release|Any CPU
	EndGlobalSection
	GlobalSection(SolutionProperties) = preSolution
		HideSolutionNode = FALSE
	EndGlobalSection
	GlobalSection(ExtensibilityGlobals) = postSolution
		SolutionGuid = {D3D41762-C5CC-4AC9-B0B8-34BEF20719D7}
	EndGlobalSection
EndGlobal
